// !$*UTF8*$!
{
	archiveVersion = 1;
	classes = {
	};
	objectVersion = 56;
	objects = {

/* Begin PBXBuildFile section */
		B069F8C32C69199B0041F67B /* AppDelegate.swift in Sources */ = {isa = PBXBuildFile; fileRef = B069F8C22C69199B0041F67B /* AppDelegate.swift */; };
		B069F8C72C69199B0041F67B /* Home ViewController.swift in Sources */ = {isa = PBXBuildFile; fileRef = B069F8C62C69199B0041F67B /* Home ViewController.swift */; };
		B069F8CC2C69199C0041F67B /* Assets.xcassets in Resources */ = {isa = PBXBuildFile; fileRef = B069F8CB2C69199C0041F67B /* Assets.xcassets */; };
		B069F8CF2C69199C0041F67B /* LaunchScreen.storyboard in Resources */ = {isa = PBXBuildFile; fileRef = B069F8CD2C69199C0041F67B /* LaunchScreen.storyboard */; };
		B0B4E1CB2C6B775400EB4050 /* Bottom Sheet ViewController.swift in Sources */ = {isa = PBXBuildFile; fileRef = B0B4E1CA2C6B775400EB4050 /* Bottom Sheet ViewController.swift */; };
		B0B4E1CD2C6B85BD00EB4050 /* Custom Text Field.swift in Sources */ = {isa = PBXBuildFile; fileRef = B0B4E1CC2C6B85BD00EB4050 /* Custom Text Field.swift */; };
		B0CE0F3F2C6BC4F100ADDEDC /* Custom Color.swift in Sources */ = {isa = PBXBuildFile; fileRef = B0CE0F3E2C6BC4F100ADDEDC /* Custom Color.swift */; };
		B0E659502C6A1F93004CB4B2 /* Custom Button.swift in Sources */ = {isa = PBXBuildFile; fileRef = B0E6594F2C6A1F93004CB4B2 /* Custom Button.swift */; };
/* End PBXBuildFile section */

/* Begin PBXFileReference section */
		B069F8BF2C69199B0041F67B /* Story Stream.app */ = {isa = PBXFileReference; explicitFileType = wrapper.application; includeInIndex = 0; path = "Story Stream.app"; sourceTree = BUILT_PRODUCTS_DIR; };
		B069F8C22C69199B0041F67B /* AppDelegate.swift */ = {isa = PBXFileReference; lastKnownFileType = sourcecode.swift; path = AppDelegate.swift; sourceTree = "<group>"; };
		B069F8C62C69199B0041F67B /* Home ViewController.swift */ = {isa = PBXFileReference; lastKnownFileType = sourcecode.swift; path = "Home ViewController.swift"; sourceTree = "<group>"; };
		B069F8CB2C69199C0041F67B /* Assets.xcassets */ = {isa = PBXFileReference; lastKnownFileType = folder.assetcatalog; path = Assets.xcassets; sourceTree = "<group>"; };
		B069F8CE2C69199C0041F67B /* Base */ = {isa = PBXFileReference; lastKnownFileType = file.storyboard; name = Base; path = Base.lproj/LaunchScreen.storyboard; sourceTree = "<group>"; };
		B069F8D02C69199C0041F67B /* Info.plist */ = {isa = PBXFileReference; lastKnownFileType = text.plist.xml; path = Info.plist; sourceTree = "<group>"; };
		B0B4E1CA2C6B775400EB4050 /* Bottom Sheet ViewController.swift */ = {isa = PBXFileReference; lastKnownFileType = sourcecode.swift; path = "Bottom Sheet ViewController.swift"; sourceTree = "<group>"; };
		B0B4E1CC2C6B85BD00EB4050 /* Custom Text Field.swift */ = {isa = PBXFileReference; lastKnownFileType = sourcecode.swift; path = "Custom Text Field.swift"; sourceTree = "<group>"; };
		B0CE0F3E2C6BC4F100ADDEDC /* Custom Color.swift */ = {isa = PBXFileReference; lastKnownFileType = sourcecode.swift; path = "Custom Color.swift"; sourceTree = "<group>"; };
		B0E6594F2C6A1F93004CB4B2 /* Custom Button.swift */ = {isa = PBXFileReference; lastKnownFileType = sourcecode.swift; path = "Custom Button.swift"; sourceTree = "<group>"; };
/* End PBXFileReference section */

/* Begin PBXFrameworksBuildPhase section */
		B069F8BC2C69199B0041F67B /* Frameworks */ = {
			isa = PBXFrameworksBuildPhase;
			buildActionMask = 2147483647;
			files = (
			);
			runOnlyForDeploymentPostprocessing = 0;
		};
/* End PBXFrameworksBuildPhase section */

/* Begin PBXGroup section */
		B03597732C6A61E7000063B8 /* Home */ = {
			isa = PBXGroup;
			children = (
				B067236F2C6B138100095B94 /* View */,
			);
			path = Home;
			sourceTree = "<group>";
		};
		B03597742C6A61F1000063B8 /* Support */ = {
			isa = PBXGroup;
			children = (
				B0E6594F2C6A1F93004CB4B2 /* Custom Button.swift */,
				B0B4E1CC2C6B85BD00EB4050 /* Custom Text Field.swift */,
				B0CE0F3E2C6BC4F100ADDEDC /* Custom Color.swift */,
			);
			path = Support;
			sourceTree = "<group>";
		};
		B067236F2C6B138100095B94 /* View */ = {
			isa = PBXGroup;
			children = (
				B069F8C62C69199B0041F67B /* Home ViewController.swift */,
				B0B4E1CA2C6B775400EB4050 /* Bottom Sheet ViewController.swift */,
			);
			path = View;
			sourceTree = "<group>";
		};
		B069F8B62C69199B0041F67B = {
			isa = PBXGroup;
			children = (
				B069F8C12C69199B0041F67B /* Story Stream */,
				B069F8C02C69199B0041F67B /* Products */,
			);
			sourceTree = "<group>";
		};
		B069F8C02C69199B0041F67B /* Products */ = {
			isa = PBXGroup;
			children = (
				B069F8BF2C69199B0041F67B /* Story Stream.app */,
			);
			name = Products;
			sourceTree = "<group>";
		};
		B069F8C12C69199B0041F67B /* Story Stream */ = {
			isa = PBXGroup;
			children = (
				B069F8C22C69199B0041F67B /* AppDelegate.swift */,
				B03597742C6A61F1000063B8 /* Support */,
				B03597732C6A61E7000063B8 /* Home */,
				B069F8CB2C69199C0041F67B /* Assets.xcassets */,
				B069F8CD2C69199C0041F67B /* LaunchScreen.storyboard */,
				B069F8D02C69199C0041F67B /* Info.plist */,
			);
			path = "Story Stream";
			sourceTree = "<group>";
		};
/* End PBXGroup section */

/* Begin PBXNativeTarget section */
		B069F8BE2C69199B0041F67B /* Story Stream */ = {
			isa = PBXNativeTarget;
			buildConfigurationList = B069F8D32C69199C0041F67B /* Build configuration list for PBXNativeTarget "Story Stream" */;
			buildPhases = (
				B069F8BB2C69199B0041F67B /* Sources */,
				B069F8BC2C69199B0041F67B /* Frameworks */,
				B069F8BD2C69199B0041F67B /* Resources */,
			);
			buildRules = (
			);
			dependencies = (
			);
			name = "Story Stream";
			productName = "Story Stream";
			productReference = B069F8BF2C69199B0041F67B /* Story Stream.app */;
			productType = "com.apple.product-type.application";
		};
/* End PBXNativeTarget section */

/* Begin PBXProject section */
		B069F8B72C69199B0041F67B /* Project object */ = {
			isa = PBXProject;
			attributes = {
				BuildIndependentTargetsInParallel = 1;
				LastSwiftUpdateCheck = 1420;
				LastUpgradeCheck = 1420;
				TargetAttributes = {
					B069F8BE2C69199B0041F67B = {
						CreatedOnToolsVersion = 14.2;
					};
				};
			};
			buildConfigurationList = B069F8BA2C69199B0041F67B /* Build configuration list for PBXProject "Story Stream" */;
			compatibilityVersion = "Xcode 14.0";
			developmentRegion = en;
			hasScannedForEncodings = 0;
			knownRegions = (
				en,
				Base,
			);
			mainGroup = B069F8B62C69199B0041F67B;
			productRefGroup = B069F8C02C69199B0041F67B /* Products */;
			projectDirPath = "";
			projectRoot = "";
			targets = (
				B069F8BE2C69199B0041F67B /* Story Stream */,
			);
		};
/* End PBXProject section */

/* Begin PBXResourcesBuildPhase section */
		B069F8BD2C69199B0041F67B /* Resources */ = {
			isa = PBXResourcesBuildPhase;
			buildActionMask = 2147483647;
			files = (
				B069F8CF2C69199C0041F67B /* LaunchScreen.storyboard in Resources */,
				B069F8CC2C69199C0041F67B /* Assets.xcassets in Resources */,
			);
			runOnlyForDeploymentPostprocessing = 0;
		};
/* End PBXResourcesBuildPhase section */

/* Begin PBXSourcesBuildPhase section */
		B069F8BB2C69199B0041F67B /* Sources */ = {
			isa = PBXSourcesBuildPhase;
			buildActionMask = 2147483647;
			files = (
				B0E659502C6A1F93004CB4B2 /* Custom Button.swift in Sources */,
				B069F8C72C69199B0041F67B /* Home ViewController.swift in Sources */,
				B069F8C32C69199B0041F67B /* AppDelegate.swift in Sources */,
				B0B4E1CB2C6B775400EB4050 /* Bottom Sheet ViewController.swift in Sources */,
				B0B4E1CD2C6B85BD00EB4050 /* Custom Text Field.swift in Sources */,
				B0CE0F3F2C6BC4F100ADDEDC /* Custom Color.swift in Sources */,
			);
			runOnlyForDeploymentPostprocessing = 0;
		};
/* End PBXSourcesBuildPhase section */

/* Begin PBXVariantGroup section */
		B069F8CD2C69199C0041F67B /* LaunchScreen.storyboard */ = {
			isa = PBXVariantGroup;
			children = (
				B069F8CE2C69199C0041F67B /* Base */,
			);
			name = LaunchScreen.storyboard;
			sourceTree = "<group>";
		};
/* End PBXVariantGroup section */

/* Begin XCBuildConfiguration section */
		B069F8D12C69199C0041F67B /* Debug */ = {
			isa = XCBuildConfiguration;
			buildSettings = {
				ALWAYS_SEARCH_USER_PATHS = NO;
				CLANG_ANALYZER_NONNULL = YES;
				CLANG_ANALYZER_NUMBER_OBJECT_CONVERSION = YES_AGGRESSIVE;
				CLANG_CXX_LANGUAGE_STANDARD = "gnu++20";
				CLANG_ENABLE_MODULES = YES;
				CLANG_ENABLE_OBJC_ARC = YES;
				CLANG_ENABLE_OBJC_WEAK = YES;
				CLANG_WARN_BLOCK_CAPTURE_AUTORELEASING = YES;
				CLANG_WARN_BOOL_CONVERSION = YES;
				CLANG_WARN_COMMA = YES;
				CLANG_WARN_CONSTANT_CONVERSION = YES;
				CLANG_WARN_DEPRECATED_OBJC_IMPLEMENTATIONS = YES;
				CLANG_WARN_DIRECT_OBJC_ISA_USAGE = YES_ERROR;
				CLANG_WARN_DOCUMENTATION_COMMENTS = YES;
				CLANG_WARN_EMPTY_BODY = YES;
				CLANG_WARN_ENUM_CONVERSION = YES;
				CLANG_WARN_INFINITE_RECURSION = YES;
				CLANG_WARN_INT_CONVERSION = YES;
				CLANG_WARN_NON_LITERAL_NULL_CONVERSION = YES;
				CLANG_WARN_OBJC_IMPLICIT_RETAIN_SELF = YES;
				CLANG_WARN_OBJC_LITERAL_CONVERSION = YES;
				CLANG_WARN_OBJC_ROOT_CLASS = YES_ERROR;
				CLANG_WARN_QUOTED_INCLUDE_IN_FRAMEWORK_HEADER = YES;
				CLANG_WARN_RANGE_LOOP_ANALYSIS = YES;
				CLANG_WARN_STRICT_PROTOTYPES = YES;
				CLANG_WARN_SUSPICIOUS_MOVE = YES;
				CLANG_WARN_UNGUARDED_AVAILABILITY = YES_AGGRESSIVE;
				CLANG_WARN_UNREACHABLE_CODE = YES;
				CLANG_WARN__DUPLICATE_METHOD_MATCH = YES;
				COPY_PHASE_STRIP = NO;
				DEBUG_INFORMATION_FORMAT = dwarf;
				ENABLE_STRICT_OBJC_MSGSEND = YES;
				ENABLE_TESTABILITY = YES;
				GCC_C_LANGUAGE_STANDARD = gnu11;
				GCC_DYNAMIC_NO_PIC = NO;
				GCC_NO_COMMON_BLOCKS = YES;
				GCC_OPTIMIZATION_LEVEL = 0;
				GCC_PREPROCESSOR_DEFINITIONS = (
					"DEBUG=1",
					"$(inherited)",
				);
				GCC_WARN_64_TO_32_BIT_CONVERSION = YES;
				GCC_WARN_ABOUT_RETURN_TYPE = YES_ERROR;
				GCC_WARN_UNDECLARED_SELECTOR = YES;
				GCC_WARN_UNINITIALIZED_AUTOS = YES_AGGRESSIVE;
				GCC_WARN_UNUSED_FUNCTION = YES;
				GCC_WARN_UNUSED_VARIABLE = YES;
				IPHONEOS_DEPLOYMENT_TARGET = 14.4;
				MTL_ENABLE_DEBUG_INFO = INCLUDE_SOURCE;
				MTL_FAST_MATH = YES;
				ONLY_ACTIVE_ARCH = YES;
				SDKROOT = iphoneos;
				SWIFT_ACTIVE_COMPILATION_CONDITIONS = DEBUG;
				SWIFT_OPTIMIZATION_LEVEL = "-Onone";
			};
			name = Debug;
		};
		B069F8D22C69199C0041F67B /* Release */ = {
			isa = XCBuildConfiguration;
			buildSettings = {
				ALWAYS_SEARCH_USER_PATHS = NO;
				CLANG_ANALYZER_NONNULL = YES;
				CLANG_ANALYZER_NUMBER_OBJECT_CONVERSION = YES_AGGRESSIVE;
				CLANG_CXX_LANGUAGE_STANDARD = "gnu++20";
				CLANG_ENABLE_MODULES = YES;
				CLANG_ENABLE_OBJC_ARC = YES;
				CLANG_ENABLE_OBJC_WEAK = YES;
				CLANG_WARN_BLOCK_CAPTURE_AUTORELEASING = YES;
				CLANG_WARN_BOOL_CONVERSION = YES;
				CLANG_WARN_COMMA = YES;
				CLANG_WARN_CONSTANT_CONVERSION = YES;
				CLANG_WARN_DEPRECATED_OBJC_IMPLEMENTATIONS = YES;
				CLANG_WARN_DIRECT_OBJC_ISA_USAGE = YES_ERROR;
				CLANG_WARN_DOCUMENTATION_COMMENTS = YES;
				CLANG_WARN_EMPTY_BODY = YES;
				CLANG_WARN_ENUM_CONVERSION = YES;
				CLANG_WARN_INFINITE_RECURSION = YES;
				CLANG_WARN_INT_CONVERSION = YES;
				CLANG_WARN_NON_LITERAL_NULL_CONVERSION = YES;
				CLANG_WARN_OBJC_IMPLICIT_RETAIN_SELF = YES;
				CLANG_WARN_OBJC_LITERAL_CONVERSION = YES;
				CLANG_WARN_OBJC_ROOT_CLASS = YES_ERROR;
				CLANG_WARN_QUOTED_INCLUDE_IN_FRAMEWORK_HEADER = YES;
				CLANG_WARN_RANGE_LOOP_ANALYSIS = YES;
				CLANG_WARN_STRICT_PROTOTYPES = YES;
				CLANG_WARN_SUSPICIOUS_MOVE = YES;
				CLANG_WARN_UNGUARDED_AVAILABILITY = YES_AGGRESSIVE;
				CLANG_WARN_UNREACHABLE_CODE = YES;
				CLANG_WARN__DUPLICATE_METHOD_MATCH = YES;
				COPY_PHASE_STRIP = NO;
				DEBUG_INFORMATION_FORMAT = "dwarf-with-dsym";
				ENABLE_NS_ASSERTIONS = NO;
				ENABLE_STRICT_OBJC_MSGSEND = YES;
				GCC_C_LANGUAGE_STANDARD = gnu11;
				GCC_NO_COMMON_BLOCKS = YES;
				GCC_WARN_64_TO_32_BIT_CONVERSION = YES;
				GCC_WARN_ABOUT_RETURN_TYPE = YES_ERROR;
				GCC_WARN_UNDECLARED_SELECTOR = YES;
				GCC_WARN_UNINITIALIZED_AUTOS = YES_AGGRESSIVE;
				GCC_WARN_UNUSED_FUNCTION = YES;
				GCC_WARN_UNUSED_VARIABLE = YES;
				IPHONEOS_DEPLOYMENT_TARGET = 14.4;
				MTL_ENABLE_DEBUG_INFO = NO;
				MTL_FAST_MATH = YES;
				SDKROOT = iphoneos;
				SWIFT_COMPILATION_MODE = wholemodule;
				SWIFT_OPTIMIZATION_LEVEL = "-O";
				VALIDATE_PRODUCT = YES;
			};
			name = Release;
		};
		B069F8D42C69199C0041F67B /* Debug */ = {
			isa = XCBuildConfiguration;
			buildSettings = {
				ASSETCATALOG_COMPILER_APPICON_NAME = AppIcon;
				ASSETCATALOG_COMPILER_GLOBAL_ACCENT_COLOR_NAME = AccentColor;
				CODE_SIGN_STYLE = Automatic;
				CURRENT_PROJECT_VERSION = 1;
				DEVELOPMENT_TEAM = 4U92KW5437;
				GENERATE_INFOPLIST_FILE = YES;
				INFOPLIST_FILE = "Story Stream/Info.plist";
				INFOPLIST_KEY_UIApplicationSupportsIndirectInputEvents = YES;
				INFOPLIST_KEY_UILaunchStoryboardName = LaunchScreen;
				INFOPLIST_KEY_UISupportedInterfaceOrientations_iPad = "UIInterfaceOrientationPortrait UIInterfaceOrientationPortraitUpsideDown UIInterfaceOrientationLandscapeLeft UIInterfaceOrientationLandscapeRight";
				INFOPLIST_KEY_UISupportedInterfaceOrientations_iPhone = "UIInterfaceOrientationPortrait UIInterfaceOrientationLandscapeLeft UIInterfaceOrientationLandscapeRight";
				IPHONEOS_DEPLOYMENT_TARGET = 15.0;
				LD_RUNPATH_SEARCH_PATHS = (
					"$(inherited)",
					"@executable_path/Frameworks",
				);
				MARKETING_VERSION = 1.0;
				PRODUCT_BUNDLE_IDENTIFIER = "com.caothang.Story-Stream";
				PRODUCT_NAME = "$(TARGET_NAME)";
				SUPPORTED_PLATFORMS = "iphoneos iphonesimulator";
				SUPPORTS_MACCATALYST = NO;
				SUPPORTS_MAC_DESIGNED_FOR_IPHONE_IPAD = NO;
				SWIFT_EMIT_LOC_STRINGS = YES;
				SWIFT_VERSION = 5.0;
				TARGETED_DEVICE_FAMILY = 1;
			};
			name = Debug;
		};
		B069F8D52C69199C0041F67B /* Release */ = {
			isa = XCBuildConfiguration;
			buildSettings = {
				ASSETCATALOG_COMPILER_APPICON_NAME = AppIcon;
				ASSETCATALOG_COMPILER_GLOBAL_ACCENT_COLOR_NAME = AccentColor;
				CODE_SIGN_STYLE = Automatic;
				CURRENT_PROJECT_VERSION = 1;
				DEVELOPMENT_TEAM = 4U92KW5437;
				GENERATE_INFOPLIST_FILE = YES;
				INFOPLIST_FILE = "Story Stream/Info.plist";
				INFOPLIST_KEY_UIApplicationSupportsIndirectInputEvents = YES;
				INFOPLIST_KEY_UILaunchStoryboardName = LaunchScreen;
				INFOPLIST_KEY_UISupportedInterfaceOrientations_iPad = "UIInterfaceOrientationPortrait UIInterfaceOrientationPortraitUpsideDown UIInterfaceOrientationLandscapeLeft UIInterfaceOrientationLandscapeRight";
				INFOPLIST_KEY_UISupportedInterfaceOrientations_iPhone = "UIInterfaceOrientationPortrait UIInterfaceOrientationLandscapeLeft UIInterfaceOrientationLandscapeRight";
				IPHONEOS_DEPLOYMENT_TARGET = 15.0;
				LD_RUNPATH_SEARCH_PATHS = (
					"$(inherited)",
					"@executable_path/Frameworks",
				);
				MARKETING_VERSION = 1.0;
				PRODUCT_BUNDLE_IDENTIFIER = "com.caothang.Story-Stream";
				PRODUCT_NAME = "$(TARGET_NAME)";
				SUPPORTED_PLATFORMS = "iphoneos iphonesimulator";
				SUPPORTS_MACCATALYST = NO;
				SUPPORTS_MAC_DESIGNED_FOR_IPHONE_IPAD = NO;
				SWIFT_EMIT_LOC_STRINGS = YES;
				SWIFT_VERSION = 5.0;
				TARGETED_DEVICE_FAMILY = 1;
			};
			name = Release;
		};
/* End XCBuildConfiguration section */

/* Begin XCConfigurationList section */
		B069F8BA2C69199B0041F67B /* Build configuration list for PBXProject "Story Stream" */ = {
			isa = XCConfigurationList;
			buildConfigurations = (
				B069F8D12C69199C0041F67B /* Debug */,
				B069F8D22C69199C0041F67B /* Release */,
			);
			defaultConfigurationIsVisible = 0;
			defaultConfigurationName = Release;
		};
		B069F8D32C69199C0041F67B /* Build configuration list for PBXNativeTarget "Story Stream" */ = {
			isa = XCConfigurationList;
			buildConfigurations = (
				B069F8D42C69199C0041F67B /* Debug */,
				B069F8D52C69199C0041F67B /* Release */,
			);
			defaultConfigurationIsVisible = 0;
			defaultConfigurationName = Release;
		};
/* End XCConfigurationList section */
	};
	rootObject = B069F8B72C69199B0041F67B /* Project object */;
}
